{
    "_readme": [
        "This file locks the dependencies of your project to a known state",
        "Read more about it at https://getcomposer.org/doc/01-basic-usage.md#installing-dependencies",
        "This file is @generated automatically"
    ],
    "content-hash": "500da033151afdd706ddaf22fb5fd703",
    "packages": [],
    "packages-dev": [],
    "aliases": [],
    "minimum-stability": "dev",
    "prefer-stable": true,
    "stability-flags": [],
    "prefer-lowest": false,
    "platform": {
        "ext-dom": "*"
    },
    "platform-dev": [],
    "plugin-api-version": "2.3.0"
}
